// !$*UTF8*$!
{
	archiveVersion = 1;
	classes = {
	};
	objectVersion = 46;
	objects = {

/* Begin PBXBuildFile section */
		CE28E2BC17514BD2004C6258 /* playingCardTabIcon.png in Resources */ = {isa = PBXBuildFile; fileRef = CE28E2BB17514BD2004C6258 /* playingCardTabIcon.png */; };
		CE28E2BF1751AC82004C6258 /* CardMatchingGame.m in Sources */ = {isa = PBXBuildFile; fileRef = CE28E2BE1751AC82004C6258 /* CardMatchingGame.m */; };
		CE47028B1754BB3700FD4ACA /* J♠.png in Resources */ = {isa = PBXBuildFile; fileRef = CE4702611754BB3700FD4ACA /* J♠.png */; };
		CE47028C1754BB3700FD4ACA /* J♣.png in Resources */ = {isa = PBXBuildFile; fileRef = CE4702621754BB3700FD4ACA /* J♣.png */; };
		CE47028D1754BB3700FD4ACA /* J♥.png in Resources */ = {isa = PBXBuildFile; fileRef = CE4702631754BB3700FD4ACA /* J♥.png */; };
		CE47028E1754BB3700FD4ACA /* J♦.png in Resources */ = {isa = PBXBuildFile; fileRef = CE4702641754BB3700FD4ACA /* J♦.png */; };
		CE47028F1754BB3700FD4ACA /* K♠.png in Resources */ = {isa = PBXBuildFile; fileRef = CE4702651754BB3700FD4ACA /* K♠.png */; };
		CE4702901754BB3700FD4ACA /* K♣.png in Resources */ = {isa = PBXBuildFile; fileRef = CE4702661754BB3700FD4ACA /* K♣.png */; };
		CE4702911754BB3700FD4ACA /* K♥.png in Resources */ = {isa = PBXBuildFile; fileRef = CE4702671754BB3700FD4ACA /* K♥.png */; };
		CE4702921754BB3700FD4ACA /* K♦.png in Resources */ = {isa = PBXBuildFile; fileRef = CE4702681754BB3700FD4ACA /* K♦.png */; };
		CE47029B1754BB3700FD4ACA /* PlayingCardBack.png in Resources */ = {isa = PBXBuildFile; fileRef = CE4702791754BB3700FD4ACA /* PlayingCardBack.png */; };
		CE47029C1754BB3700FD4ACA /* PlayingCardView.m in Sources */ = {isa = PBXBuildFile; fileRef = CE47027B1754BB3700FD4ACA /* PlayingCardView.m */; };
		CE47029D1754BB3700FD4ACA /* Q♠.png in Resources */ = {isa = PBXBuildFile; fileRef = CE47027C1754BB3700FD4ACA /* Q♠.png */; };
		CE47029E1754BB3700FD4ACA /* Q♣.png in Resources */ = {isa = PBXBuildFile; fileRef = CE47027D1754BB3700FD4ACA /* Q♣.png */; };
		CE47029F1754BB3700FD4ACA /* Q♥.png in Resources */ = {isa = PBXBuildFile; fileRef = CE47027E1754BB3700FD4ACA /* Q♥.png */; };
		CE4702A01754BB3700FD4ACA /* Q♦.png in Resources */ = {isa = PBXBuildFile; fileRef = CE47027F1754BB3700FD4ACA /* Q♦.png */; };
		CE4702A71754BE9800FD4ACA /* PlayingCardCollectionViewCell.m in Sources */ = {isa = PBXBuildFile; fileRef = CE4702A61754BE9700FD4ACA /* PlayingCardCollectionViewCell.m */; };
		CE57EDF4175537F70038F91F /* SetCardGameViewController.m in Sources */ = {isa = PBXBuildFile; fileRef = CE57EDF3175537F70038F91F /* SetCardGameViewController.m */; };
		CE57EDFA175538B40038F91F /* SetCardCollectionViewCell.m in Sources */ = {isa = PBXBuildFile; fileRef = CE57EDF9175538B40038F91F /* SetCardCollectionViewCell.m */; };
		CE57EDFE175539650038F91F /* SetCardView.m in Sources */ = {isa = PBXBuildFile; fileRef = CE57EDFD175539650038F91F /* SetCardView.m */; };
		CE57EE1C17556AAD0038F91F /* Open-Green-Diamond.png in Resources */ = {isa = PBXBuildFile; fileRef = CE57EE0117556AAB0038F91F /* Open-Green-Diamond.png */; };
		CE57EE1D17556AAD0038F91F /* Open-Green-Oval.png in Resources */ = {isa = PBXBuildFile; fileRef = CE57EE0217556AAB0038F91F /* Open-Green-Oval.png */; };
		CE57EE1E17556AAD0038F91F /* Open-Green-Squiggle.png in Resources */ = {isa = PBXBuildFile; fileRef = CE57EE0317556AAB0038F91F /* Open-Green-Squiggle.png */; };
		CE57EE1F17556AAD0038F91F /* Open-Purple-Diamond.png in Resources */ = {isa = PBXBuildFile; fileRef = CE57EE0417556AAB0038F91F /* Open-Purple-Diamond.png */; };
		CE57EE2017556AAD0038F91F /* Open-Purple-Oval.png in Resources */ = {isa = PBXBuildFile; fileRef = CE57EE0517556AAB0038F91F /* Open-Purple-Oval.png */; };
		CE57EE2117556AAD0038F91F /* Open-Purple-Squiggle.png in Resources */ = {isa = PBXBuildFile; fileRef = CE57EE0617556AAB0038F91F /* Open-Purple-Squiggle.png */; };
		CE57EE2217556AAD0038F91F /* Open-Red-Diamond.png in Resources */ = {isa = PBXBuildFile; fileRef = CE57EE0717556AAB0038F91F /* Open-Red-Diamond.png */; };
		CE57EE2317556AAD0038F91F /* Open-Red-Oval.png in Resources */ = {isa = PBXBuildFile; fileRef = CE57EE0817556AAC0038F91F /* Open-Red-Oval.png */; };
		CE57EE2417556AAD0038F91F /* Open-Red-Squiggle.png in Resources */ = {isa = PBXBuildFile; fileRef = CE57EE0917556AAC0038F91F /* Open-Red-Squiggle.png */; };
		CE57EE2517556AAD0038F91F /* Solid-Green-Diamond.png in Resources */ = {isa = PBXBuildFile; fileRef = CE57EE0A17556AAC0038F91F /* Solid-Green-Diamond.png */; };
		CE57EE2617556AAD0038F91F /* Solid-Green-Oval.png in Resources */ = {isa = PBXBuildFile; fileRef = CE57EE0B17556AAC0038F91F /* Solid-Green-Oval.png */; };
		CE57EE2717556AAD0038F91F /* Solid-Green-Squiggle.png in Resources */ = {isa = PBXBuildFile; fileRef = CE57EE0C17556AAC0038F91F /* Solid-Green-Squiggle.png */; };
		CE57EE2817556AAD0038F91F /* Solid-Purple-Diamond.png in Resources */ = {isa = PBXBuildFile; fileRef = CE57EE0D17556AAC0038F91F /* Solid-Purple-Diamond.png */; };
		CE57EE2917556AAD0038F91F /* Solid-Purple-Oval.png in Resources */ = {isa = PBXBuildFile; fileRef = CE57EE0E17556AAC0038F91F /* Solid-Purple-Oval.png */; };
		CE57EE2A17556AAD0038F91F /* Solid-Purple-Squiggle.png in Resources */ = {isa = PBXBuildFile; fileRef = CE57EE0F17556AAC0038F91F /* Solid-Purple-Squiggle.png */; };
		CE57EE2B17556AAD0038F91F /* Solid-Red-Diamond.png in Resources */ = {isa = PBXBuildFile; fileRef = CE57EE1017556AAC0038F91F /* Solid-Red-Diamond.png */; };
		CE57EE2C17556AAD0038F91F /* Solid-Red-Oval.png in Resources */ = {isa = PBXBuildFile; fileRef = CE57EE1117556AAC0038F91F /* Solid-Red-Oval.png */; };
		CE57EE2D17556AAD0038F91F /* Solid-Red-Squiggle.png in Resources */ = {isa = PBXBuildFile; fileRef = CE57EE1217556AAD0038F91F /* Solid-Red-Squiggle.png */; };
		CE57EE2E17556AAD0038F91F /* Striped-Green-Diamond.png in Resources */ = {isa = PBXBuildFile; fileRef = CE57EE1317556AAD0038F91F /* Striped-Green-Diamond.png */; };
		CE57EE2F17556AAD0038F91F /* Striped-Green-Oval.png in Resources */ = {isa = PBXBuildFile; fileRef = CE57EE1417556AAD0038F91F /* Striped-Green-Oval.png */; };
		CE57EE3017556AAD0038F91F /* Striped-Green-Squiggle.png in Resources */ = {isa = PBXBuildFile; fileRef = CE57EE1517556AAD0038F91F /* Striped-Green-Squiggle.png */; };
		CE57EE3117556AAD0038F91F /* Striped-Purple-Diamond.png in Resources */ = {isa = PBXBuildFile; fileRef = CE57EE1617556AAD0038F91F /* Striped-Purple-Diamond.png */; };
		CE57EE3217556AAD0038F91F /* Striped-Purple-Oval.png in Resources */ = {isa = PBXBuildFile; fileRef = CE57EE1717556AAD0038F91F /* Striped-Purple-Oval.png */; };
		CE57EE3317556AAD0038F91F /* Striped-Purple-Squiggle.png in Resources */ = {isa = PBXBuildFile; fileRef = CE57EE1817556AAD0038F91F /* Striped-Purple-Squiggle.png */; };
		CE57EE3417556AAD0038F91F /* Striped-Red-Diamond.png in Resources */ = {isa = PBXBuildFile; fileRef = CE57EE1917556AAD0038F91F /* Striped-Red-Diamond.png */; };
		CE57EE3517556AAD0038F91F /* Striped-Red-Oval.png in Resources */ = {isa = PBXBuildFile; fileRef = CE57EE1A17556AAD0038F91F /* Striped-Red-Oval.png */; };
		CE57EE3617556AAD0038F91F /* Striped-Red-Squiggle.png in Resources */ = {isa = PBXBuildFile; fileRef = CE57EE1B17556AAD0038F91F /* Striped-Red-Squiggle.png */; };
		CE8009641749C42D00075220 /* UIKit.framework in Frameworks */ = {isa = PBXBuildFile; fileRef = CE8009631749C42D00075220 /* UIKit.framework */; };
		CE8009661749C42D00075220 /* Foundation.framework in Frameworks */ = {isa = PBXBuildFile; fileRef = CE8009651749C42D00075220 /* Foundation.framework */; };
		CE8009681749C42D00075220 /* CoreGraphics.framework in Frameworks */ = {isa = PBXBuildFile; fileRef = CE8009671749C42D00075220 /* CoreGraphics.framework */; };
		CE80096E1749C42D00075220 /* InfoPlist.strings in Resources */ = {isa = PBXBuildFile; fileRef = CE80096C1749C42D00075220 /* InfoPlist.strings */; };
		CE8009701749C42D00075220 /* main.m in Sources */ = {isa = PBXBuildFile; fileRef = CE80096F1749C42D00075220 /* main.m */; };
		CE8009741749C42E00075220 /* CardGameAppDelegate.m in Sources */ = {isa = PBXBuildFile; fileRef = CE8009731749C42E00075220 /* CardGameAppDelegate.m */; };
		CE8009761749C42E00075220 /* Default.png in Resources */ = {isa = PBXBuildFile; fileRef = CE8009751749C42E00075220 /* Default.png */; };
		CE8009781749C42E00075220 /* Default@2x.png in Resources */ = {isa = PBXBuildFile; fileRef = CE8009771749C42E00075220 /* Default@2x.png */; };
		CE80097A1749C42E00075220 /* Default-568h@2x.png in Resources */ = {isa = PBXBuildFile; fileRef = CE8009791749C42E00075220 /* Default-568h@2x.png */; };
		CE80097D1749C42E00075220 /* MainStoryboard.storyboard in Resources */ = {isa = PBXBuildFile; fileRef = CE80097B1749C42E00075220 /* MainStoryboard.storyboard */; };
		CE8009801749C42E00075220 /* CardGameViewController.m in Sources */ = {isa = PBXBuildFile; fileRef = CE80097F1749C42E00075220 /* CardGameViewController.m */; };
		CE8009891749D68D00075220 /* Icon-72.png in Resources */ = {isa = PBXBuildFile; fileRef = CE8009871749D68D00075220 /* Icon-72.png */; };
		CE80098A1749D68D00075220 /* Icon-72@2x.png in Resources */ = {isa = PBXBuildFile; fileRef = CE8009881749D68D00075220 /* Icon-72@2x.png */; };
		CE8009911749D7B400075220 /* Card.m in Sources */ = {isa = PBXBuildFile; fileRef = CE8009901749D7B400075220 /* Card.m */; };
		CE8009951749D88F00075220 /* Deck.m in Sources */ = {isa = PBXBuildFile; fileRef = CE8009941749D88F00075220 /* Deck.m */; };
		CE8009981749DB4100075220 /* PlayingCard.m in Sources */ = {isa = PBXBuildFile; fileRef = CE8009971749DB4100075220 /* PlayingCard.m */; };
		CE80099B1749EA0500075220 /* PlayingCardDeck.m in Sources */ = {isa = PBXBuildFile; fileRef = CE80099A1749EA0500075220 /* PlayingCardDeck.m */; };
		CE80099F174A112E00075220 /* CardFront.png in Resources */ = {isa = PBXBuildFile; fileRef = CE80099E174A112E00075220 /* CardFront.png */; };
		CE8009A3174A12E800075220 /* PlayingCardBackSmall.png in Resources */ = {isa = PBXBuildFile; fileRef = CE8009A2174A12E800075220 /* PlayingCardBackSmall.png */; };
		CEED67481754706F00CE3E2A /* PlayingCardGameViewController.m in Sources */ = {isa = PBXBuildFile; fileRef = CEED67471754706F00CE3E2A /* PlayingCardGameViewController.m */; };
		CEED674B1754713600CE3E2A /* SetCard.m in Sources */ = {isa = PBXBuildFile; fileRef = CEED674A1754713600CE3E2A /* SetCard.m */; };
		CEED674E1754715600CE3E2A /* SetCardDeck.m in Sources */ = {isa = PBXBuildFile; fileRef = CEED674D1754715600CE3E2A /* SetCardDeck.m */; };
/* End PBXBuildFile section */

/* Begin PBXFileReference section */
		CE28E2BB17514BD2004C6258 /* playingCardTabIcon.png */ = {isa = PBXFileReference; lastKnownFileType = image.png; path = playingCardTabIcon.png; sourceTree = "<group>"; };
		CE28E2BD1751AC82004C6258 /* CardMatchingGame.h */ = {isa = PBXFileReference; fileEncoding = 4; lastKnownFileType = sourcecode.c.h; name = CardMatchingGame.h; path = Model/CardMatchingGame.h; sourceTree = "<group>"; };
		CE28E2BE1751AC82004C6258 /* CardMatchingGame.m */ = {isa = PBXFileReference; fileEncoding = 4; lastKnownFileType = sourcecode.c.objc; name = CardMatchingGame.m; path = Model/CardMatchingGame.m; sourceTree = "<group>"; };
		CE4702611754BB3700FD4ACA /* J♠.png */ = {isa = PBXFileReference; lastKnownFileType = image.png; path = "J♠.png"; sourceTree = "<group>"; };
		CE4702621754BB3700FD4ACA /* J♣.png */ = {isa = PBXFileReference; lastKnownFileType = image.png; path = "J♣.png"; sourceTree = "<group>"; };
		CE4702631754BB3700FD4ACA /* J♥.png */ = {isa = PBXFileReference; lastKnownFileType = image.png; path = "J♥.png"; sourceTree = "<group>"; };
		CE4702641754BB3700FD4ACA /* J♦.png */ = {isa = PBXFileReference; lastKnownFileType = image.png; path = "J♦.png"; sourceTree = "<group>"; };
		CE4702651754BB3700FD4ACA /* K♠.png */ = {isa = PBXFileReference; lastKnownFileType = image.png; path = "K♠.png"; sourceTree = "<group>"; };
		CE4702661754BB3700FD4ACA /* K♣.png */ = {isa = PBXFileReference; lastKnownFileType = image.png; path = "K♣.png"; sourceTree = "<group>"; };
		CE4702671754BB3700FD4ACA /* K♥.png */ = {isa = PBXFileReference; lastKnownFileType = image.png; path = "K♥.png"; sourceTree = "<group>"; };
		CE4702681754BB3700FD4ACA /* K♦.png */ = {isa = PBXFileReference; lastKnownFileType = image.png; path = "K♦.png"; sourceTree = "<group>"; };
		CE4702791754BB3700FD4ACA /* PlayingCardBack.png */ = {isa = PBXFileReference; lastKnownFileType = image.png; path = PlayingCardBack.png; sourceTree = "<group>"; };
		CE47027A1754BB3700FD4ACA /* PlayingCardView.h */ = {isa = PBXFileReference; fileEncoding = 4; lastKnownFileType = sourcecode.c.h; path = PlayingCardView.h; sourceTree = "<group>"; };
		CE47027B1754BB3700FD4ACA /* PlayingCardView.m */ = {isa = PBXFileReference; fileEncoding = 4; lastKnownFileType = sourcecode.c.objc; path = PlayingCardView.m; sourceTree = "<group>"; };
		CE47027C1754BB3700FD4ACA /* Q♠.png */ = {isa = PBXFileReference; lastKnownFileType = image.png; path = "Q♠.png"; sourceTree = "<group>"; };
		CE47027D1754BB3700FD4ACA /* Q♣.png */ = {isa = PBXFileReference; lastKnownFileType = image.png; path = "Q♣.png"; sourceTree = "<group>"; };
		CE47027E1754BB3700FD4ACA /* Q♥.png */ = {isa = PBXFileReference; lastKnownFileType = image.png; path = "Q♥.png"; sourceTree = "<group>"; };
		CE47027F1754BB3700FD4ACA /* Q♦.png */ = {isa = PBXFileReference; lastKnownFileType = image.png; path = "Q♦.png"; sourceTree = "<group>"; };
		CE4702A51754BE9700FD4ACA /* PlayingCardCollectionViewCell.h */ = {isa = PBXFileReference; fileEncoding = 4; lastKnownFileType = sourcecode.c.h; path = PlayingCardCollectionViewCell.h; sourceTree = "<group>"; };
		CE4702A61754BE9700FD4ACA /* PlayingCardCollectionViewCell.m */ = {isa = PBXFileReference; fileEncoding = 4; lastKnownFileType = sourcecode.c.objc; path = PlayingCardCollectionViewCell.m; sourceTree = "<group>"; };
		CE57EDF2175537F70038F91F /* SetCardGameViewController.h */ = {isa = PBXFileReference; fileEncoding = 4; lastKnownFileType = sourcecode.c.h; path = SetCardGameViewController.h; sourceTree = "<group>"; };
		CE57EDF3175537F70038F91F /* SetCardGameViewController.m */ = {isa = PBXFileReference; fileEncoding = 4; lastKnownFileType = sourcecode.c.objc; path = SetCardGameViewController.m; sourceTree = "<group>"; };
		CE57EDF8175538B40038F91F /* SetCardCollectionViewCell.h */ = {isa = PBXFileReference; fileEncoding = 4; lastKnownFileType = sourcecode.c.h; path = SetCardCollectionViewCell.h; sourceTree = "<group>"; };
		CE57EDF9175538B40038F91F /* SetCardCollectionViewCell.m */ = {isa = PBXFileReference; fileEncoding = 4; lastKnownFileType = sourcecode.c.objc; path = SetCardCollectionViewCell.m; sourceTree = "<group>"; };
		CE57EDFC175539650038F91F /* SetCardView.h */ = {isa = PBXFileReference; fileEncoding = 4; lastKnownFileType = sourcecode.c.h; name = SetCardView.h; path = Matchismo/SetCardView.h; sourceTree = SOURCE_ROOT; };
		CE57EDFD175539650038F91F /* SetCardView.m */ = {isa = PBXFileReference; fileEncoding = 4; lastKnownFileType = sourcecode.c.objc; name = SetCardView.m; path = Matchismo/SetCardView.m; sourceTree = SOURCE_ROOT; };
		CE57EE0117556AAB0038F91F /* Open-Green-Diamond.png */ = {isa = PBXFileReference; lastKnownFileType = image.png; path = "Open-Green-Diamond.png"; sourceTree = "<group>"; };
		CE57EE0217556AAB0038F91F /* Open-Green-Oval.png */ = {isa = PBXFileReference; lastKnownFileType = image.png; path = "Open-Green-Oval.png"; sourceTree = "<group>"; };
		CE57EE0317556AAB0038F91F /* Open-Green-Squiggle.png */ = {isa = PBXFileReference; lastKnownFileType = image.png; path = "Open-Green-Squiggle.png"; sourceTree = "<group>"; };
		CE57EE0417556AAB0038F91F /* Open-Purple-Diamond.png */ = {isa = PBXFileReference; lastKnownFileType = image.png; path = "Open-Purple-Diamond.png"; sourceTree = "<group>"; };
		CE57EE0517556AAB0038F91F /* Open-Purple-Oval.png */ = {isa = PBXFileReference; lastKnownFileType = image.png; path = "Open-Purple-Oval.png"; sourceTree = "<group>"; };
		CE57EE0617556AAB0038F91F /* Open-Purple-Squiggle.png */ = {isa = PBXFileReference; lastKnownFileType = image.png; path = "Open-Purple-Squiggle.png"; sourceTree = "<group>"; };
		CE57EE0717556AAB0038F91F /* Open-Red-Diamond.png */ = {isa = PBXFileReference; lastKnownFileType = image.png; path = "Open-Red-Diamond.png"; sourceTree = "<group>"; };
		CE57EE0817556AAC0038F91F /* Open-Red-Oval.png */ = {isa = PBXFileReference; lastKnownFileType = image.png; path = "Open-Red-Oval.png"; sourceTree = "<group>"; };
		CE57EE0917556AAC0038F91F /* Open-Red-Squiggle.png */ = {isa = PBXFileReference; lastKnownFileType = image.png; path = "Open-Red-Squiggle.png"; sourceTree = "<group>"; };
		CE57EE0A17556AAC0038F91F /* Solid-Green-Diamond.png */ = {isa = PBXFileReference; lastKnownFileType = image.png; path = "Solid-Green-Diamond.png"; sourceTree = "<group>"; };
		CE57EE0B17556AAC0038F91F /* Solid-Green-Oval.png */ = {isa = PBXFileReference; lastKnownFileType = image.png; path = "Solid-Green-Oval.png"; sourceTree = "<group>"; };
		CE57EE0C17556AAC0038F91F /* Solid-Green-Squiggle.png */ = {isa = PBXFileReference; lastKnownFileType = image.png; path = "Solid-Green-Squiggle.png"; sourceTree = "<group>"; };
		CE57EE0D17556AAC0038F91F /* Solid-Purple-Diamond.png */ = {isa = PBXFileReference; lastKnownFileType = image.png; path = "Solid-Purple-Diamond.png"; sourceTree = "<group>"; };
		CE57EE0E17556AAC0038F91F /* Solid-Purple-Oval.png */ = {isa = PBXFileReference; lastKnownFileType = image.png; path = "Solid-Purple-Oval.png"; sourceTree = "<group>"; };
		CE57EE0F17556AAC0038F91F /* Solid-Purple-Squiggle.png */ = {isa = PBXFileReference; lastKnownFileType = image.png; path = "Solid-Purple-Squiggle.png"; sourceTree = "<group>"; };
		CE57EE1017556AAC0038F91F /* Solid-Red-Diamond.png */ = {isa = PBXFileReference; lastKnownFileType = image.png; path = "Solid-Red-Diamond.png"; sourceTree = "<group>"; };
		CE57EE1117556AAC0038F91F /* Solid-Red-Oval.png */ = {isa = PBXFileReference; lastKnownFileType = image.png; path = "Solid-Red-Oval.png"; sourceTree = "<group>"; };
		CE57EE1217556AAD0038F91F /* Solid-Red-Squiggle.png */ = {isa = PBXFileReference; lastKnownFileType = image.png; path = "Solid-Red-Squiggle.png"; sourceTree = "<group>"; };
		CE57EE1317556AAD0038F91F /* Striped-Green-Diamond.png */ = {isa = PBXFileReference; lastKnownFileType = image.png; path = "Striped-Green-Diamond.png"; sourceTree = "<group>"; };
		CE57EE1417556AAD0038F91F /* Striped-Green-Oval.png */ = {isa = PBXFileReference; lastKnownFileType = image.png; path = "Striped-Green-Oval.png"; sourceTree = "<group>"; };
		CE57EE1517556AAD0038F91F /* Striped-Green-Squiggle.png */ = {isa = PBXFileReference; lastKnownFileType = image.png; path = "Striped-Green-Squiggle.png"; sourceTree = "<group>"; };
		CE57EE1617556AAD0038F91F /* Striped-Purple-Diamond.png */ = {isa = PBXFileReference; lastKnownFileType = image.png; path = "Striped-Purple-Diamond.png"; sourceTree = "<group>"; };
		CE57EE1717556AAD0038F91F /* Striped-Purple-Oval.png */ = {isa = PBXFileReference; lastKnownFileType = image.png; path = "Striped-Purple-Oval.png"; sourceTree = "<group>"; };
		CE57EE1817556AAD0038F91F /* Striped-Purple-Squiggle.png */ = {isa = PBXFileReference; lastKnownFileType = image.png; path = "Striped-Purple-Squiggle.png"; sourceTree = "<group>"; };
		CE57EE1917556AAD0038F91F /* Striped-Red-Diamond.png */ = {isa = PBXFileReference; lastKnownFileType = image.png; path = "Striped-Red-Diamond.png"; sourceTree = "<group>"; };
		CE57EE1A17556AAD0038F91F /* Striped-Red-Oval.png */ = {isa = PBXFileReference; lastKnownFileType = image.png; path = "Striped-Red-Oval.png"; sourceTree = "<group>"; };
		CE57EE1B17556AAD0038F91F /* Striped-Red-Squiggle.png */ = {isa = PBXFileReference; lastKnownFileType = image.png; path = "Striped-Red-Squiggle.png"; sourceTree = "<group>"; };
		CE8009601749C42D00075220 /* Matchismo.app */ = {isa = PBXFileReference; explicitFileType = wrapper.application; includeInIndex = 0; path = Matchismo.app; sourceTree = BUILT_PRODUCTS_DIR; };
		CE8009631749C42D00075220 /* UIKit.framework */ = {isa = PBXFileReference; lastKnownFileType = wrapper.framework; name = UIKit.framework; path = System/Library/Frameworks/UIKit.framework; sourceTree = SDKROOT; };
		CE8009651749C42D00075220 /* Foundation.framework */ = {isa = PBXFileReference; lastKnownFileType = wrapper.framework; name = Foundation.framework; path = System/Library/Frameworks/Foundation.framework; sourceTree = SDKROOT; };
		CE8009671749C42D00075220 /* CoreGraphics.framework */ = {isa = PBXFileReference; lastKnownFileType = wrapper.framework; name = CoreGraphics.framework; path = System/Library/Frameworks/CoreGraphics.framework; sourceTree = SDKROOT; };
		CE80096B1749C42D00075220 /* Matchismo-Info.plist */ = {isa = PBXFileReference; lastKnownFileType = text.plist.xml; path = "Matchismo-Info.plist"; sourceTree = "<group>"; };
		CE80096D1749C42D00075220 /* en */ = {isa = PBXFileReference; lastKnownFileType = text.plist.strings; name = en; path = en.lproj/InfoPlist.strings; sourceTree = "<group>"; };
		CE80096F1749C42D00075220 /* main.m */ = {isa = PBXFileReference; lastKnownFileType = sourcecode.c.objc; path = main.m; sourceTree = "<group>"; };
		CE8009711749C42D00075220 /* Matchismo-Prefix.pch */ = {isa = PBXFileReference; lastKnownFileType = sourcecode.c.h; path = "Matchismo-Prefix.pch"; sourceTree = "<group>"; };
		CE8009721749C42E00075220 /* CardGameAppDelegate.h */ = {isa = PBXFileReference; lastKnownFileType = sourcecode.c.h; path = CardGameAppDelegate.h; sourceTree = "<group>"; };
		CE8009731749C42E00075220 /* CardGameAppDelegate.m */ = {isa = PBXFileReference; lastKnownFileType = sourcecode.c.objc; path = CardGameAppDelegate.m; sourceTree = "<group>"; };
		CE8009751749C42E00075220 /* Default.png */ = {isa = PBXFileReference; lastKnownFileType = image.png; path = Default.png; sourceTree = "<group>"; };
		CE8009771749C42E00075220 /* Default@2x.png */ = {isa = PBXFileReference; lastKnownFileType = image.png; path = "Default@2x.png"; sourceTree = "<group>"; };
		CE8009791749C42E00075220 /* Default-568h@2x.png */ = {isa = PBXFileReference; lastKnownFileType = image.png; path = "Default-568h@2x.png"; sourceTree = "<group>"; };
		CE80097C1749C42E00075220 /* en */ = {isa = PBXFileReference; lastKnownFileType = file.storyboard; name = en; path = en.lproj/MainStoryboard.storyboard; sourceTree = "<group>"; };
		CE80097E1749C42E00075220 /* CardGameViewController.h */ = {isa = PBXFileReference; lastKnownFileType = sourcecode.c.h; path = CardGameViewController.h; sourceTree = "<group>"; };
		CE80097F1749C42E00075220 /* CardGameViewController.m */ = {isa = PBXFileReference; lastKnownFileType = sourcecode.c.objc; path = CardGameViewController.m; sourceTree = "<group>"; };
		CE8009871749D68D00075220 /* Icon-72.png */ = {isa = PBXFileReference; lastKnownFileType = image.png; path = "Icon-72.png"; sourceTree = "<group>"; };
		CE8009881749D68D00075220 /* Icon-72@2x.png */ = {isa = PBXFileReference; lastKnownFileType = image.png; path = "Icon-72@2x.png"; sourceTree = "<group>"; };
		CE80098F1749D7B400075220 /* Card.h */ = {isa = PBXFileReference; fileEncoding = 4; lastKnownFileType = sourcecode.c.h; name = Card.h; path = Model/Card.h; sourceTree = "<group>"; };
		CE8009901749D7B400075220 /* Card.m */ = {isa = PBXFileReference; fileEncoding = 4; lastKnownFileType = sourcecode.c.objc; name = Card.m; path = Model/Card.m; sourceTree = "<group>"; };
		CE8009931749D88F00075220 /* Deck.h */ = {isa = PBXFileReference; fileEncoding = 4; lastKnownFileType = sourcecode.c.h; name = Deck.h; path = Model/Deck.h; sourceTree = "<group>"; };
		CE8009941749D88F00075220 /* Deck.m */ = {isa = PBXFileReference; fileEncoding = 4; lastKnownFileType = sourcecode.c.objc; name = Deck.m; path = Model/Deck.m; sourceTree = "<group>"; };
		CE8009961749DB4100075220 /* PlayingCard.h */ = {isa = PBXFileReference; fileEncoding = 4; lastKnownFileType = sourcecode.c.h; name = PlayingCard.h; path = Model/PlayingCard.h; sourceTree = "<group>"; };
		CE8009971749DB4100075220 /* PlayingCard.m */ = {isa = PBXFileReference; fileEncoding = 4; lastKnownFileType = sourcecode.c.objc; name = PlayingCard.m; path = Model/PlayingCard.m; sourceTree = "<group>"; };
		CE8009991749EA0500075220 /* PlayingCardDeck.h */ = {isa = PBXFileReference; fileEncoding = 4; lastKnownFileType = sourcecode.c.h; name = PlayingCardDeck.h; path = Model/PlayingCardDeck.h; sourceTree = "<group>"; };
		CE80099A1749EA0500075220 /* PlayingCardDeck.m */ = {isa = PBXFileReference; fileEncoding = 4; lastKnownFileType = sourcecode.c.objc; name = PlayingCardDeck.m; path = Model/PlayingCardDeck.m; sourceTree = "<group>"; };
		CE80099E174A112E00075220 /* CardFront.png */ = {isa = PBXFileReference; lastKnownFileType = image.png; path = CardFront.png; sourceTree = "<group>"; };
		CE8009A2174A12E800075220 /* PlayingCardBackSmall.png */ = {isa = PBXFileReference; lastKnownFileType = image.png; path = PlayingCardBackSmall.png; sourceTree = "<group>"; };
		CEED67461754706F00CE3E2A /* PlayingCardGameViewController.h */ = {isa = PBXFileReference; fileEncoding = 4; lastKnownFileType = sourcecode.c.h; path = PlayingCardGameViewController.h; sourceTree = "<group>"; };
		CEED67471754706F00CE3E2A /* PlayingCardGameViewController.m */ = {isa = PBXFileReference; fileEncoding = 4; lastKnownFileType = sourcecode.c.objc; path = PlayingCardGameViewController.m; sourceTree = "<group>"; };
		CEED67491754713600CE3E2A /* SetCard.h */ = {isa = PBXFileReference; fileEncoding = 4; lastKnownFileType = sourcecode.c.h; name = SetCard.h; path = Model/SetCard.h; sourceTree = "<group>"; };
		CEED674A1754713600CE3E2A /* SetCard.m */ = {isa = PBXFileReference; fileEncoding = 4; lastKnownFileType = sourcecode.c.objc; name = SetCard.m; path = Model/SetCard.m; sourceTree = "<group>"; };
		CEED674C1754715600CE3E2A /* SetCardDeck.h */ = {isa = PBXFileReference; fileEncoding = 4; lastKnownFileType = sourcecode.c.h; name = SetCardDeck.h; path = Model/SetCardDeck.h; sourceTree = "<group>"; };
		CEED674D1754715600CE3E2A /* SetCardDeck.m */ = {isa = PBXFileReference; fileEncoding = 4; lastKnownFileType = sourcecode.c.objc; name = SetCardDeck.m; path = Model/SetCardDeck.m; sourceTree = "<group>"; };
/* End PBXFileReference section */

/* Begin PBXFrameworksBuildPhase section */
		CE80095D1749C42D00075220 /* Frameworks */ = {
			isa = PBXFrameworksBuildPhase;
			buildActionMask = 2147483647;
			files = (
				CE8009641749C42D00075220 /* UIKit.framework in Frameworks */,
				CE8009661749C42D00075220 /* Foundation.framework in Frameworks */,
				CE8009681749C42D00075220 /* CoreGraphics.framework in Frameworks */,
			);
			runOnlyForDeploymentPostprocessing = 0;
		};
/* End PBXFrameworksBuildPhase section */

/* Begin PBXGroup section */
		CE4702591754BB3700FD4ACA /* Playing Card View */ = {
			isa = PBXGroup;
			children = (
				CE4702A41754BD9900FD4ACA /* Face Card Images */,
				CE47027A1754BB3700FD4ACA /* PlayingCardView.h */,
				CE47027B1754BB3700FD4ACA /* PlayingCardView.m */,
			);
			name = "Playing Card View";
			path = SuperCard;
			sourceTree = "<group>";
		};
		CE4702A41754BD9900FD4ACA /* Face Card Images */ = {
			isa = PBXGroup;
			children = (
				CE4702791754BB3700FD4ACA /* PlayingCardBack.png */,
				CE4702611754BB3700FD4ACA /* J♠.png */,
				CE4702621754BB3700FD4ACA /* J♣.png */,
				CE4702631754BB3700FD4ACA /* J♥.png */,
				CE4702641754BB3700FD4ACA /* J♦.png */,
				CE4702651754BB3700FD4ACA /* K♠.png */,
				CE4702661754BB3700FD4ACA /* K♣.png */,
				CE4702671754BB3700FD4ACA /* K♥.png */,
				CE4702681754BB3700FD4ACA /* K♦.png */,
				CE47027C1754BB3700FD4ACA /* Q♠.png */,
				CE47027D1754BB3700FD4ACA /* Q♣.png */,
				CE47027E1754BB3700FD4ACA /* Q♥.png */,
				CE47027F1754BB3700FD4ACA /* Q♦.png */,
			);
			name = "Face Card Images";
			sourceTree = "<group>";
		};
		CE57EDF51755381A0038F91F /* Controller */ = {
			isa = PBXGroup;
			children = (
				CE57EDF7175538420038F91F /* Set Controller */,
				CE57EDF6175538320038F91F /* Playing Card Controller */,
				CE80097E1749C42E00075220 /* CardGameViewController.h */,
				CE80097F1749C42E00075220 /* CardGameViewController.m */,
			);
			name = Controller;
			sourceTree = "<group>";
		};
		CE57EDF6175538320038F91F /* Playing Card Controller */ = {
			isa = PBXGroup;
			children = (
				CE4702A51754BE9700FD4ACA /* PlayingCardCollectionViewCell.h */,
				CE4702A61754BE9700FD4ACA /* PlayingCardCollectionViewCell.m */,
				CEED67461754706F00CE3E2A /* PlayingCardGameViewController.h */,
				CEED67471754706F00CE3E2A /* PlayingCardGameViewController.m */,
			);
			name = "Playing Card Controller";
			sourceTree = "<group>";
		};
		CE57EDF7175538420038F91F /* Set Controller */ = {
			isa = PBXGroup;
			children = (
				CE57EDF8175538B40038F91F /* SetCardCollectionViewCell.h */,
				CE57EDF9175538B40038F91F /* SetCardCollectionViewCell.m */,
				CE57EDF2175537F70038F91F /* SetCardGameViewController.h */,
				CE57EDF3175537F70038F91F /* SetCardGameViewController.m */,
			);
			name = "Set Controller";
			sourceTree = "<group>";
		};
		CE57EDFB175539080038F91F /* View */ = {
			isa = PBXGroup;
			children = (
				CE4702591754BB3700FD4ACA /* Playing Card View */,
				CE57EDFF175539730038F91F /* Set Card View */,
			);
			name = View;
			sourceTree = "<group>";
		};
		CE57EDFF175539730038F91F /* Set Card View */ = {
			isa = PBXGroup;
			children = (
				CE57EE0017556A880038F91F /* Set Card Images */,
				CE57EDFC175539650038F91F /* SetCardView.h */,
				CE57EDFD175539650038F91F /* SetCardView.m */,
			);
			name = "Set Card View";
			path = SuperCard;
			sourceTree = "<group>";
		};
		CE57EE0017556A880038F91F /* Set Card Images */ = {
			isa = PBXGroup;
			children = (
				CE57EE0117556AAB0038F91F /* Open-Green-Diamond.png */,
				CE57EE0217556AAB0038F91F /* Open-Green-Oval.png */,
				CE57EE0317556AAB0038F91F /* Open-Green-Squiggle.png */,
				CE57EE0417556AAB0038F91F /* Open-Purple-Diamond.png */,
				CE57EE0517556AAB0038F91F /* Open-Purple-Oval.png */,
				CE57EE0617556AAB0038F91F /* Open-Purple-Squiggle.png */,
				CE57EE0717556AAB0038F91F /* Open-Red-Diamond.png */,
				CE57EE0817556AAC0038F91F /* Open-Red-Oval.png */,
				CE57EE0917556AAC0038F91F /* Open-Red-Squiggle.png */,
				CE57EE0A17556AAC0038F91F /* Solid-Green-Diamond.png */,
				CE57EE0B17556AAC0038F91F /* Solid-Green-Oval.png */,
				CE57EE0C17556AAC0038F91F /* Solid-Green-Squiggle.png */,
				CE57EE0D17556AAC0038F91F /* Solid-Purple-Diamond.png */,
				CE57EE0E17556AAC0038F91F /* Solid-Purple-Oval.png */,
				CE57EE0F17556AAC0038F91F /* Solid-Purple-Squiggle.png */,
				CE57EE1017556AAC0038F91F /* Solid-Red-Diamond.png */,
				CE57EE1117556AAC0038F91F /* Solid-Red-Oval.png */,
				CE57EE1217556AAD0038F91F /* Solid-Red-Squiggle.png */,
				CE57EE1317556AAD0038F91F /* Striped-Green-Diamond.png */,
				CE57EE1417556AAD0038F91F /* Striped-Green-Oval.png */,
				CE57EE1517556AAD0038F91F /* Striped-Green-Squiggle.png */,
				CE57EE1617556AAD0038F91F /* Striped-Purple-Diamond.png */,
				CE57EE1717556AAD0038F91F /* Striped-Purple-Oval.png */,
				CE57EE1817556AAD0038F91F /* Striped-Purple-Squiggle.png */,
				CE57EE1917556AAD0038F91F /* Striped-Red-Diamond.png */,
				CE57EE1A17556AAD0038F91F /* Striped-Red-Oval.png */,
				CE57EE1B17556AAD0038F91F /* Striped-Red-Squiggle.png */,
			);
			name = "Set Card Images";
			sourceTree = "<group>";
		};
		CE8009571749C42D00075220 = {
			isa = PBXGroup;
			children = (
				CE8009691749C42D00075220 /* Matchismo */,
				CE8009621749C42D00075220 /* Frameworks */,
				CE8009611749C42D00075220 /* Products */,
			);
			sourceTree = "<group>";
		};
		CE8009611749C42D00075220 /* Products */ = {
			isa = PBXGroup;
			children = (
				CE8009601749C42D00075220 /* Matchismo.app */,
			);
			name = Products;
			sourceTree = "<group>";
		};
		CE8009621749C42D00075220 /* Frameworks */ = {
			isa = PBXGroup;
			children = (
				CE8009631749C42D00075220 /* UIKit.framework */,
				CE8009651749C42D00075220 /* Foundation.framework */,
				CE8009671749C42D00075220 /* CoreGraphics.framework */,
			);
			name = Frameworks;
			sourceTree = "<group>";
		};
		CE8009691749C42D00075220 /* Matchismo */ = {
			isa = PBXGroup;
			children = (
				CE57EDFB175539080038F91F /* View */,
				CE8009921749D7BA00075220 /* Model */,
				CE80097B1749C42E00075220 /* MainStoryboard.storyboard */,
				CE57EDF51755381A0038F91F /* Controller */,
				CE80096A1749C42D00075220 /* Supporting Files */,
			);
			path = Matchismo;
			sourceTree = "<group>";
		};
		CE80096A1749C42D00075220 /* Supporting Files */ = {
			isa = PBXGroup;
			children = (
				CE8009861749D67900075220 /* Images */,
				CE8009721749C42E00075220 /* CardGameAppDelegate.h */,
				CE8009731749C42E00075220 /* CardGameAppDelegate.m */,
				CE80096B1749C42D00075220 /* Matchismo-Info.plist */,
				CE80096C1749C42D00075220 /* InfoPlist.strings */,
				CE80096F1749C42D00075220 /* main.m */,
				CE8009711749C42D00075220 /* Matchismo-Prefix.pch */,
			);
			name = "Supporting Files";
			sourceTree = "<group>";
		};
		CE8009861749D67900075220 /* Images */ = {
			isa = PBXGroup;
			children = (
				CE28E2BB17514BD2004C6258 /* playingCardTabIcon.png */,
				CE8009A2174A12E800075220 /* PlayingCardBackSmall.png */,
				CE80099E174A112E00075220 /* CardFront.png */,
				CE8009871749D68D00075220 /* Icon-72.png */,
				CE8009881749D68D00075220 /* Icon-72@2x.png */,
				CE8009751749C42E00075220 /* Default.png */,
				CE8009771749C42E00075220 /* Default@2x.png */,
				CE8009791749C42E00075220 /* Default-568h@2x.png */,
			);
			name = Images;
			sourceTree = "<group>";
		};
		CE8009921749D7BA00075220 /* Model */ = {
			isa = PBXGroup;
			children = (
				CEED67501754716D00CE3E2A /* Playing Card Model */,
				CEED674F1754716000CE3E2A /* Set Model */,
				CE28E2BD1751AC82004C6258 /* CardMatchingGame.h */,
				CE28E2BE1751AC82004C6258 /* CardMatchingGame.m */,
				CE80098F1749D7B400075220 /* Card.h */,
				CE8009901749D7B400075220 /* Card.m */,
				CE8009931749D88F00075220 /* Deck.h */,
				CE8009941749D88F00075220 /* Deck.m */,
			);
			name = Model;
			sourceTree = "<group>";
		};
		CEED674F1754716000CE3E2A /* Set Model */ = {
			isa = PBXGroup;
			children = (
				CEED67491754713600CE3E2A /* SetCard.h */,
				CEED674A1754713600CE3E2A /* SetCard.m */,
				CEED674C1754715600CE3E2A /* SetCardDeck.h */,
				CEED674D1754715600CE3E2A /* SetCardDeck.m */,
			);
			name = "Set Model";
			sourceTree = "<group>";
		};
		CEED67501754716D00CE3E2A /* Playing Card Model */ = {
			isa = PBXGroup;
			children = (
				CE8009961749DB4100075220 /* PlayingCard.h */,
				CE8009971749DB4100075220 /* PlayingCard.m */,
				CE8009991749EA0500075220 /* PlayingCardDeck.h */,
				CE80099A1749EA0500075220 /* PlayingCardDeck.m */,
			);
			name = "Playing Card Model";
			sourceTree = "<group>";
		};
/* End PBXGroup section */

/* Begin PBXNativeTarget section */
		CE80095F1749C42D00075220 /* Matchismo */ = {
			isa = PBXNativeTarget;
			buildConfigurationList = CE8009831749C42E00075220 /* Build configuration list for PBXNativeTarget "Matchismo" */;
			buildPhases = (
				CE80095C1749C42D00075220 /* Sources */,
				CE80095D1749C42D00075220 /* Frameworks */,
				CE80095E1749C42D00075220 /* Resources */,
			);
			buildRules = (
			);
			dependencies = (
			);
			name = Matchismo;
			productName = Matchismo;
			productReference = CE8009601749C42D00075220 /* Matchismo.app */;
			productType = "com.apple.product-type.application";
		};
/* End PBXNativeTarget section */

/* Begin PBXProject section */
		CE8009581749C42D00075220 /* Project object */ = {
			isa = PBXProject;
			attributes = {
				CLASSPREFIX = CardGame;
				LastUpgradeCheck = 0460;
				ORGANIZATIONNAME = "Chris Chapman";
			};
			buildConfigurationList = CE80095B1749C42D00075220 /* Build configuration list for PBXProject "Matchismo" */;
			compatibilityVersion = "Xcode 3.2";
			developmentRegion = English;
			hasScannedForEncodings = 0;
			knownRegions = (
				en,
			);
			mainGroup = CE8009571749C42D00075220;
			productRefGroup = CE8009611749C42D00075220 /* Products */;
			projectDirPath = "";
			projectRoot = "";
			targets = (
				CE80095F1749C42D00075220 /* Matchismo */,
			);
		};
/* End PBXProject section */

/* Begin PBXResourcesBuildPhase section */
		CE80095E1749C42D00075220 /* Resources */ = {
			isa = PBXResourcesBuildPhase;
			buildActionMask = 2147483647;
			files = (
				CE80096E1749C42D00075220 /* InfoPlist.strings in Resources */,
				CE8009761749C42E00075220 /* Default.png in Resources */,
				CE8009781749C42E00075220 /* Default@2x.png in Resources */,
				CE80097A1749C42E00075220 /* Default-568h@2x.png in Resources */,
				CE80097D1749C42E00075220 /* MainStoryboard.storyboard in Resources */,
				CE8009891749D68D00075220 /* Icon-72.png in Resources */,
				CE80098A1749D68D00075220 /* Icon-72@2x.png in Resources */,
				CE80099F174A112E00075220 /* CardFront.png in Resources */,
				CE8009A3174A12E800075220 /* PlayingCardBackSmall.png in Resources */,
				CE28E2BC17514BD2004C6258 /* playingCardTabIcon.png in Resources */,
				CE47028B1754BB3700FD4ACA /* J♠.png in Resources */,
				CE47028C1754BB3700FD4ACA /* J♣.png in Resources */,
				CE47028D1754BB3700FD4ACA /* J♥.png in Resources */,
				CE47028E1754BB3700FD4ACA /* J♦.png in Resources */,
				CE47028F1754BB3700FD4ACA /* K♠.png in Resources */,
				CE4702901754BB3700FD4ACA /* K♣.png in Resources */,
				CE4702911754BB3700FD4ACA /* K♥.png in Resources */,
				CE4702921754BB3700FD4ACA /* K♦.png in Resources */,
				CE47029B1754BB3700FD4ACA /* PlayingCardBack.png in Resources */,
				CE47029D1754BB3700FD4ACA /* Q♠.png in Resources */,
				CE47029E1754BB3700FD4ACA /* Q♣.png in Resources */,
				CE47029F1754BB3700FD4ACA /* Q♥.png in Resources */,
				CE4702A01754BB3700FD4ACA /* Q♦.png in Resources */,
				CE57EE1C17556AAD0038F91F /* Open-Green-Diamond.png in Resources */,
				CE57EE1D17556AAD0038F91F /* Open-Green-Oval.png in Resources */,
				CE57EE1E17556AAD0038F91F /* Open-Green-Squiggle.png in Resources */,
				CE57EE1F17556AAD0038F91F /* Open-Purple-Diamond.png in Resources */,
				CE57EE2017556AAD0038F91F /* Open-Purple-Oval.png in Resources */,
				CE57EE2117556AAD0038F91F /* Open-Purple-Squiggle.png in Resources */,
				CE57EE2217556AAD0038F91F /* Open-Red-Diamond.png in Resources */,
				CE57EE2317556AAD0038F91F /* Open-Red-Oval.png in Resources */,
				CE57EE2417556AAD0038F91F /* Open-Red-Squiggle.png in Resources */,
				CE57EE2517556AAD0038F91F /* Solid-Green-Diamond.png in Resources */,
				CE57EE2617556AAD0038F91F /* Solid-Green-Oval.png in Resources */,
				CE57EE2717556AAD0038F91F /* Solid-Green-Squiggle.png in Resources */,
				CE57EE2817556AAD0038F91F /* Solid-Purple-Diamond.png in Resources */,
				CE57EE2917556AAD0038F91F /* Solid-Purple-Oval.png in Resources */,
				CE57EE2A17556AAD0038F91F /* Solid-Purple-Squiggle.png in Resources */,
				CE57EE2B17556AAD0038F91F /* Solid-Red-Diamond.png in Resources */,
				CE57EE2C17556AAD0038F91F /* Solid-Red-Oval.png in Resources */,
				CE57EE2D17556AAD0038F91F /* Solid-Red-Squiggle.png in Resources */,
				CE57EE2E17556AAD0038F91F /* Striped-Green-Diamond.png in Resources */,
				CE57EE2F17556AAD0038F91F /* Striped-Green-Oval.png in Resources */,
				CE57EE3017556AAD0038F91F /* Striped-Green-Squiggle.png in Resources */,
				CE57EE3117556AAD0038F91F /* Striped-Purple-Diamond.png in Resources */,
				CE57EE3217556AAD0038F91F /* Striped-Purple-Oval.png in Resources */,
				CE57EE3317556AAD0038F91F /* Striped-Purple-Squiggle.png in Resources */,
				CE57EE3417556AAD0038F91F /* Striped-Red-Diamond.png in Resources */,
				CE57EE3517556AAD0038F91F /* Striped-Red-Oval.png in Resources */,
				CE57EE3617556AAD0038F91F /* Striped-Red-Squiggle.png in Resources */,
			);
			runOnlyForDeploymentPostprocessing = 0;
		};
/* End PBXResourcesBuildPhase section */

/* Begin PBXSourcesBuildPhase section */
		CE80095C1749C42D00075220 /* Sources */ = {
			isa = PBXSourcesBuildPhase;
			buildActionMask = 2147483647;
			files = (
				CE8009701749C42D00075220 /* main.m in Sources */,
				CE8009741749C42E00075220 /* CardGameAppDelegate.m in Sources */,
				CE8009801749C42E00075220 /* CardGameViewController.m in Sources */,
				CE8009911749D7B400075220 /* Card.m in Sources */,
				CE8009951749D88F00075220 /* Deck.m in Sources */,
				CE8009981749DB4100075220 /* PlayingCard.m in Sources */,
				CE80099B1749EA0500075220 /* PlayingCardDeck.m in Sources */,
				CE28E2BF1751AC82004C6258 /* CardMatchingGame.m in Sources */,
				CEED67481754706F00CE3E2A /* PlayingCardGameViewController.m in Sources */,
				CEED674B1754713600CE3E2A /* SetCard.m in Sources */,
				CEED674E1754715600CE3E2A /* SetCardDeck.m in Sources */,
				CE47029C1754BB3700FD4ACA /* PlayingCardView.m in Sources */,
				CE4702A71754BE9800FD4ACA /* PlayingCardCollectionViewCell.m in Sources */,
				CE57EDF4175537F70038F91F /* SetCardGameViewController.m in Sources */,
				CE57EDFA175538B40038F91F /* SetCardCollectionViewCell.m in Sources */,
				CE57EDFE175539650038F91F /* SetCardView.m in Sources */,
			);
			runOnlyForDeploymentPostprocessing = 0;
		};
/* End PBXSourcesBuildPhase section */

/* Begin PBXVariantGroup section */
		CE80096C1749C42D00075220 /* InfoPlist.strings */ = {
			isa = PBXVariantGroup;
			children = (
				CE80096D1749C42D00075220 /* en */,
			);
			name = InfoPlist.strings;
			sourceTree = "<group>";
		};
		CE80097B1749C42E00075220 /* MainStoryboard.storyboard */ = {
			isa = PBXVariantGroup;
			children = (
				CE80097C1749C42E00075220 /* en */,
			);
			name = MainStoryboard.storyboard;
			sourceTree = "<group>";
		};
/* End PBXVariantGroup section */

/* Begin XCBuildConfiguration section */
		CE8009811749C42E00075220 /* Debug */ = {
			isa = XCBuildConfiguration;
			buildSettings = {
				ALWAYS_SEARCH_USER_PATHS = NO;
				CLANG_CXX_LANGUAGE_STANDARD = "gnu++0x";
				CLANG_CXX_LIBRARY = "libc++";
				CLANG_ENABLE_OBJC_ARC = YES;
				CLANG_WARN_CONSTANT_CONVERSION = YES;
				CLANG_WARN_EMPTY_BODY = YES;
				CLANG_WARN_ENUM_CONVERSION = YES;
				CLANG_WARN_INT_CONVERSION = YES;
				CLANG_WARN__DUPLICATE_METHOD_MATCH = YES;
				"CODE_SIGN_IDENTITY[sdk=iphoneos*]" = "iPhone Developer";
				COPY_PHASE_STRIP = NO;
				GCC_C_LANGUAGE_STANDARD = gnu99;
				GCC_DYNAMIC_NO_PIC = NO;
				GCC_OPTIMIZATION_LEVEL = 0;
				GCC_PREPROCESSOR_DEFINITIONS = (
					"DEBUG=1",
					"$(inherited)",
				);
				GCC_SYMBOLS_PRIVATE_EXTERN = NO;
				GCC_WARN_ABOUT_RETURN_TYPE = YES;
				GCC_WARN_UNINITIALIZED_AUTOS = YES;
				GCC_WARN_UNUSED_VARIABLE = YES;
				IPHONEOS_DEPLOYMENT_TARGET = 6.1;
				ONLY_ACTIVE_ARCH = YES;
				SDKROOT = iphoneos;
				TARGETED_DEVICE_FAMILY = 2;
			};
			name = Debug;
		};
		CE8009821749C42E00075220 /* Release */ = {
			isa = XCBuildConfiguration;
			buildSettings = {
				ALWAYS_SEARCH_USER_PATHS = NO;
				CLANG_CXX_LANGUAGE_STANDARD = "gnu++0x";
				CLANG_CXX_LIBRARY = "libc++";
				CLANG_ENABLE_OBJC_ARC = YES;
				CLANG_WARN_CONSTANT_CONVERSION = YES;
				CLANG_WARN_EMPTY_BODY = YES;
				CLANG_WARN_ENUM_CONVERSION = YES;
				CLANG_WARN_INT_CONVERSION = YES;
				CLANG_WARN__DUPLICATE_METHOD_MATCH = YES;
				"CODE_SIGN_IDENTITY[sdk=iphoneos*]" = "iPhone Developer";
				COPY_PHASE_STRIP = YES;
				GCC_C_LANGUAGE_STANDARD = gnu99;
				GCC_WARN_ABOUT_RETURN_TYPE = YES;
				GCC_WARN_UNINITIALIZED_AUTOS = YES;
				GCC_WARN_UNUSED_VARIABLE = YES;
				IPHONEOS_DEPLOYMENT_TARGET = 6.1;
				OTHER_CFLAGS = "-DNS_BLOCK_ASSERTIONS=1";
				SDKROOT = iphoneos;
				TARGETED_DEVICE_FAMILY = 2;
				VALIDATE_PRODUCT = YES;
			};
			name = Release;
		};
		CE8009841749C42E00075220 /* Debug */ = {
			isa = XCBuildConfiguration;
			buildSettings = {
				GCC_PRECOMPILE_PREFIX_HEADER = YES;
				GCC_PREFIX_HEADER = "Matchismo/Matchismo-Prefix.pch";
				INFOPLIST_FILE = "Matchismo/Matchismo-Info.plist";
				PRODUCT_NAME = "$(TARGET_NAME)";
				WRAPPER_EXTENSION = app;
			};
			name = Debug;
		};
		CE8009851749C42E00075220 /* Release */ = {
			isa = XCBuildConfiguration;
			buildSettings = {
				GCC_PRECOMPILE_PREFIX_HEADER = YES;
				GCC_PREFIX_HEADER = "Matchismo/Matchismo-Prefix.pch";
				INFOPLIST_FILE = "Matchismo/Matchismo-Info.plist";
				PRODUCT_NAME = "$(TARGET_NAME)";
				WRAPPER_EXTENSION = app;
			};
			name = Release;
		};
/* End XCBuildConfiguration section */

/* Begin XCConfigurationList section */
		CE80095B1749C42D00075220 /* Build configuration list for PBXProject "Matchismo" */ = {
			isa = XCConfigurationList;
			buildConfigurations = (
				CE8009811749C42E00075220 /* Debug */,
				CE8009821749C42E00075220 /* Release */,
			);
			defaultConfigurationIsVisible = 0;
			defaultConfigurationName = Release;
		};
		CE8009831749C42E00075220 /* Build configuration list for PBXNativeTarget "Matchismo" */ = {
			isa = XCConfigurationList;
			buildConfigurations = (
				CE8009841749C42E00075220 /* Debug */,
				CE8009851749C42E00075220 /* Release */,
			);
			defaultConfigurationIsVisible = 0;
			defaultConfigurationName = Release;
		};
/* End XCConfigurationList section */
	};
	rootObject = CE8009581749C42D00075220 /* Project object */;
}
